
Microsoft Visual Studio Solution File, Format Version 12.00
# Visual Studio Version 17
VisualStudioVersion = 17.13.35828.75 d17.13
MinimumVisualStudioVersion = 10.0.40219.1
Project("{FAE04EC0-301F-11D3-BF4B-00C04F79EFBC}") = "FastBuy.Stocks.Api", "src\FastBuy.Stocks.Api\FastBuy.Stocks.Api.csproj", "{37A36B5F-C380-4FE4-80F4-8BCF77923F85}"
EndProject
Global
	GlobalSection(SolutionConfigurationPlatforms) = preSolution
		Debug|Any CPU = Debug|Any CPU
		Release|Any CPU = Release|Any CPU
	EndGlobalSection
	GlobalSection(ProjectConfigurationPlatforms) = postSolution
		{37A36B5F-C380-4FE4-80F4-8BCF77923F85}.Debug|Any CPU.ActiveCfg = Debug|Any CPU
		{37A36B5F-C380-4FE4-80F4-8BCF77923F85}.Debug|Any CPU.Build.0 = Debug|Any CPU
		{37A36B5F-C380-4FE4-80F4-8BCF77923F85}.Release|Any CPU.ActiveCfg = Release|Any CPU
		{37A36B5F-C380-4FE4-80F4-8BCF77923F85}.Release|Any CPU.Build.0 = Release|Any CPU
	EndGlobalSection
	GlobalSection(SolutionProperties) = preSolution
		HideSolutionNode = FALSE
	EndGlobalSection
	GlobalSection(ExtensibilityGlobals) = postSolution
		SolutionGuid = {2B980396-C7A1-476D-934B-D104C584F71A}
	EndGlobalSection
EndGlobal
