
Microsoft Visual Studio Solution File, Format Version 12.00
# Visual Studio Version 17
VisualStudioVersion = 17.13.35828.75 d17.13
MinimumVisualStudioVersion = 10.0.40219.1
Project("{FAE04EC0-301F-11D3-BF4B-00C04F79EFBC}") = "FastBuy.Products.Api", "src\FastBuy.Products.Api\FastBuy.Products.Api.csproj", "{43DA3C88-C5B4-44AF-9BBF-95611EC8F843}"
EndProject
Project("{FAE04EC0-301F-11D3-BF4B-00C04F79EFBC}") = "FastBuy.Products.Contracts", "src\FastBuy.Products.Contracts\FastBuy.Products.Contracts.csproj", "{3063B866-9078-4DC4-A85B-5CD3437F7958}"
EndProject
Global
	GlobalSection(SolutionConfigurationPlatforms) = preSolution
		Debug|Any CPU = Debug|Any CPU
		Release|Any CPU = Release|Any CPU
	EndGlobalSection
	GlobalSection(ProjectConfigurationPlatforms) = postSolution
		{43DA3C88-C5B4-44AF-9BBF-95611EC8F843}.Debug|Any CPU.ActiveCfg = Debug|Any CPU
		{43DA3C88-C5B4-44AF-9BBF-95611EC8F843}.Debug|Any CPU.Build.0 = Debug|Any CPU
		{43DA3C88-C5B4-44AF-9BBF-95611EC8F843}.Release|Any CPU.ActiveCfg = Release|Any CPU
		{43DA3C88-C5B4-44AF-9BBF-95611EC8F843}.Release|Any CPU.Build.0 = Release|Any CPU
		{3063B866-9078-4DC4-A85B-5CD3437F7958}.Debug|Any CPU.ActiveCfg = Debug|Any CPU
		{3063B866-9078-4DC4-A85B-5CD3437F7958}.Debug|Any CPU.Build.0 = Debug|Any CPU
		{3063B866-9078-4DC4-A85B-5CD3437F7958}.Release|Any CPU.ActiveCfg = Release|Any CPU
		{3063B866-9078-4DC4-A85B-5CD3437F7958}.Release|Any CPU.Build.0 = Release|Any CPU
	EndGlobalSection
	GlobalSection(SolutionProperties) = preSolution
		HideSolutionNode = FALSE
	EndGlobalSection
	GlobalSection(ExtensibilityGlobals) = postSolution
		SolutionGuid = {09F38A39-A6B5-46E0-99DF-5583C4E6D2BD}
	EndGlobalSection
EndGlobal
